github.com/GiterLab/aliyun-sms-go-sdk v0.0.0-20180108012719-fcc9f11de968 h1:qGbrlv8RghDrhjH2cr6ArRT6xvkmTamdoJ2z5GvWVgM=
github.com/GiterLab/aliyun-sms-go-sdk v0.0.0-20180108012719-fcc9f11de968/go.mod h1:bxG7hkKP+KV5n72UYbQayZB8JcleuD5g7CkFt0oCNEU=
github.com/GiterLab/urllib v0.0.0-20200820124023-82571a63c776 h1:33Do8frEx+uwI+YWqX6ZRrGxQfAOv05GeNqSqPeN0O8=
github.com/GiterLab/urllib v0.0.0-20200820124023-82571a63c776/go.mod h1:gCvDzPdab30Mc4WdKBWH1jbw77YLSNLr0hlFty7hGzo=
github.com/tobyzxj/uuid v0.0.0-20140223123307-aa0153c14395 h1:SM6D6igZb0ZN1LyKEhuae5ZzkEt+aHdPogGDxgvVVQg=
github.com/tobyzxj/uuid v0.0.0-20140223123307-aa0153c14395/go.mod h1:f4n/SZ3uLjGvbcxVLUr7sd9WZ9AZdpBcG6ZMgpkzvF4=
